
Microsoft Visual Studio Solution File, Format Version 12.00
# Visual Studio Version 17
VisualStudioVersion = 17.5.33502.453
MinimumVisualStudioVersion = 10.0.40219.1
Project("{FAE04EC0-301F-11D3-BF4B-00C04F79EFBC}") = "Kaprekar Numbers", "Kaprekar Numbers\Kaprekar Numbers.csproj", "{D2F65369-FE5B-47AB-B052-E51088911F73}"
EndProject
Global
	GlobalSection(SolutionConfigurationPlatforms) = preSolution
		Debug|Any CPU = Debug|Any CPU
		Release|Any CPU = Release|Any CPU
	EndGlobalSection
	GlobalSection(ProjectConfigurationPlatforms) = postSolution
		{D2F65369-FE5B-47AB-B052-E51088911F73}.Debug|Any CPU.ActiveCfg = Debug|Any CPU
		{D2F65369-FE5B-47AB-B052-E51088911F73}.Debug|Any CPU.Build.0 = Debug|Any CPU
		{D2F65369-FE5B-47AB-B052-E51088911F73}.Release|Any CPU.ActiveCfg = Release|Any CPU
		{D2F65369-FE5B-47AB-B052-E51088911F73}.Release|Any CPU.Build.0 = Release|Any CPU
	EndGlobalSection
	GlobalSection(SolutionProperties) = preSolution
		HideSolutionNode = FALSE
	EndGlobalSection
	GlobalSection(ExtensibilityGlobals) = postSolution
		SolutionGuid = {DE35E799-80EC-4904-90BD-164179E8D1EE}
	EndGlobalSection
EndGlobal
